// !$*UTF8*$!
{
	archiveVersion = 1;
	classes = {
	};
	objectVersion = 77;
	objects = {

/* Begin PBXBuildFile section */
		55102EE22EC5A62800FE9FAB /* GoogleService-Info.plist in Resources */ = {isa = PBXBuildFile; fileRef = 55102EE12EC5A62800FE9FAB /* GoogleService-Info.plist */; };
		55102EE52EC5A6F900FE9FAB /* FirebaseAnalytics in Frameworks */ = {isa = PBXBuildFile; productRef = 55102EE42EC5A6F900FE9FAB /* FirebaseAnalytics */; };
		55102EE72EC5A6F900FE9FAB /* FirebaseAuth in Frameworks */ = {isa = PBXBuildFile; productRef = 55102EE62EC5A6F900FE9FAB /* FirebaseAuth */; };
		55102EE92EC5A6F900FE9FAB /* FirebaseFirestore in Frameworks */ = {isa = PBXBuildFile; productRef = 55102EE82EC5A6F900FE9FAB /* FirebaseFirestore */; };
		55348D212EC982B70079A80B /* FacebookCore in Frameworks */ = {isa = PBXBuildFile; productRef = 55348D202EC982B70079A80B /* FacebookCore */; };
		55348D232EC982B70079A80B /* FacebookLogin in Frameworks */ = {isa = PBXBuildFile; productRef = 55348D222EC982B70079A80B /* FacebookLogin */; };
		555E25872EC6CB3800F3618D /* GoogleSignInSwift in Frameworks */ = {isa = PBXBuildFile; productRef = 555E25862EC6CB3800F3618D /* GoogleSignInSwift */; };
		555E258F2EC6D5F000F3618D /* GoogleSignIn in Frameworks */ = {isa = PBXBuildFile; productRef = 555E258E2EC6D5F000F3618D /* GoogleSignIn */; };
		555FC00D2EC80E300059649C /* FirebaseStorage in Frameworks */ = {isa = PBXBuildFile; productRef = 555FC00C2EC80E300059649C /* FirebaseStorage */; };
/* End PBXBuildFile section */

/* Begin PBXContainerItemProxy section */
		55102E9C2EC590D000FE9FAB /* PBXContainerItemProxy */ = {
			isa = PBXContainerItemProxy;
			containerPortal = 55102E842EC590CE00FE9FAB /* Project object */;
			proxyType = 1;
			remoteGlobalIDString = 55102E8B2EC590CE00FE9FAB;
			remoteInfo = handyman;
		};
		55102EA62EC590D000FE9FAB /* PBXContainerItemProxy */ = {
			isa = PBXContainerItemProxy;
			containerPortal = 55102E842EC590CE00FE9FAB /* Project object */;
			proxyType = 1;
			remoteGlobalIDString = 55102E8B2EC590CE00FE9FAB;
			remoteInfo = handyman;
		};
/* End PBXContainerItemProxy section */

/* Begin PBXFileReference section */
		55102E8C2EC590CE00FE9FAB /* handyman.app */ = {isa = PBXFileReference; explicitFileType = wrapper.application; includeInIndex = 0; path = handyman.app; sourceTree = BUILT_PRODUCTS_DIR; };
		55102E9B2EC590D000FE9FAB /* handymanTests.xctest */ = {isa = PBXFileReference; explicitFileType = wrapper.cfbundle; includeInIndex = 0; path = handymanTests.xctest; sourceTree = BUILT_PRODUCTS_DIR; };
		55102EA52EC590D000FE9FAB /* handymanUITests.xctest */ = {isa = PBXFileReference; explicitFileType = wrapper.cfbundle; includeInIndex = 0; path = handymanUITests.xctest; sourceTree = BUILT_PRODUCTS_DIR; };
		55102EE12EC5A62800FE9FAB /* GoogleService-Info.plist */ = {isa = PBXFileReference; lastKnownFileType = text.plist.xml; path = "GoogleService-Info.plist"; sourceTree = "<group>"; };
/* End PBXFileReference section */

/* Begin PBXFileSystemSynchronizedBuildFileExceptionSet section */
		555FBF7D2EC796B30059649C /* Exceptions for "handyman" folder in "handyman" target */ = {
			isa = PBXFileSystemSynchronizedBuildFileExceptionSet;
			membershipExceptions = (
				Info.plist,
			);
			target = 55102E8B2EC590CE00FE9FAB /* handyman */;
		};
/* End PBXFileSystemSynchronizedBuildFileExceptionSet section */

/* Begin PBXFileSystemSynchronizedRootGroup section */
		55102E8E2EC590CE00FE9FAB /* handyman */ = {
			isa = PBXFileSystemSynchronizedRootGroup;
			exceptions = (
				555FBF7D2EC796B30059649C /* Exceptions for "handyman" folder in "handyman" target */,
			);
			path = handyman;
			sourceTree = "<group>";
		};
		55102E9E2EC590D000FE9FAB /* handymanTests */ = {
			isa = PBXFileSystemSynchronizedRootGroup;
			path = handymanTests;
			sourceTree = "<group>";
		};
		55102EA82EC590D000FE9FAB /* handymanUITests */ = {
			isa = PBXFileSystemSynchronizedRootGroup;
			path = handymanUITests;
			sourceTree = "<group>";
		};
/* End PBXFileSystemSynchronizedRootGroup section */

/* Begin PBXFrameworksBuildPhase section */
		55102E892EC590CE00FE9FAB /* Frameworks */ = {
			isa = PBXFrameworksBuildPhase;
			buildActionMask = 2147483647;
			files = (
				55348D232EC982B70079A80B /* FacebookLogin in Frameworks */,
				555E258F2EC6D5F000F3618D /* GoogleSignIn in Frameworks */,
				55102EE52EC5A6F900FE9FAB /* FirebaseAnalytics in Frameworks */,
				55348D212EC982B70079A80B /* FacebookCore in Frameworks */,
				55102EE72EC5A6F900FE9FAB /* FirebaseAuth in Frameworks */,
				55102EE92EC5A6F900FE9FAB /* FirebaseFirestore in Frameworks */,
				555E25872EC6CB3800F3618D /* GoogleSignInSwift in Frameworks */,
				555FC00D2EC80E300059649C /* FirebaseStorage in Frameworks */,
			);
			runOnlyForDeploymentPostprocessing = 0;
		};
		55102E982EC590D000FE9FAB /* Frameworks */ = {
			isa = PBXFrameworksBuildPhase;
			buildActionMask = 2147483647;
			files = (
			);
			runOnlyForDeploymentPostprocessing = 0;
		};
		55102EA22EC590D000FE9FAB /* Frameworks */ = {
			isa = PBXFrameworksBuildPhase;
			buildActionMask = 2147483647;
			files = (
			);
			runOnlyForDeploymentPostprocessing = 0;
		};
/* End PBXFrameworksBuildPhase section */

/* Begin PBXGroup section */
		55102E832EC590CE00FE9FAB = {
			isa = PBXGroup;
			children = (
				55102E8E2EC590CE00FE9FAB /* handyman */,
				55102E9E2EC590D000FE9FAB /* handymanTests */,
				55102EA82EC590D000FE9FAB /* handymanUITests */,
				55102E8D2EC590CE00FE9FAB /* Products */,
				55102EE12EC5A62800FE9FAB /* GoogleService-Info.plist */,
			);
			sourceTree = "<group>";
		};
		55102E8D2EC590CE00FE9FAB /* Products */ = {
			isa = PBXGroup;
			children = (
				55102E8C2EC590CE00FE9FAB /* handyman.app */,
				55102E9B2EC590D000FE9FAB /* handymanTests.xctest */,
				55102EA52EC590D000FE9FAB /* handymanUITests.xctest */,
			);
			name = Products;
			sourceTree = "<group>";
		};
/* End PBXGroup section */

/* Begin PBXNativeTarget section */
		55102E8B2EC590CE00FE9FAB /* handyman */ = {
			isa = PBXNativeTarget;
			buildConfigurationList = 55102EAF2EC590D000FE9FAB /* Build configuration list for PBXNativeTarget "handyman" */;
			buildPhases = (
				55102E882EC590CE00FE9FAB /* Sources */,
				55102E892EC590CE00FE9FAB /* Frameworks */,
				55102E8A2EC590CE00FE9FAB /* Resources */,
			);
			buildRules = (
			);
			dependencies = (
			);
			fileSystemSynchronizedGroups = (
				55102E8E2EC590CE00FE9FAB /* handyman */,
			);
			name = handyman;
			packageProductDependencies = (
				55102EE42EC5A6F900FE9FAB /* FirebaseAnalytics */,
				55102EE62EC5A6F900FE9FAB /* FirebaseAuth */,
				55102EE82EC5A6F900FE9FAB /* FirebaseFirestore */,
				555E25862EC6CB3800F3618D /* GoogleSignInSwift */,
				555E258E2EC6D5F000F3618D /* GoogleSignIn */,
				555FC00C2EC80E300059649C /* FirebaseStorage */,
				55348D202EC982B70079A80B /* FacebookCore */,
				55348D222EC982B70079A80B /* FacebookLogin */,
			);
			productName = handyman;
			productReference = 55102E8C2EC590CE00FE9FAB /* handyman.app */;
			productType = "com.apple.product-type.application";
		};
		55102E9A2EC590D000FE9FAB /* handymanTests */ = {
			isa = PBXNativeTarget;
			buildConfigurationList = 55102EB22EC590D000FE9FAB /* Build configuration list for PBXNativeTarget "handymanTests" */;
			buildPhases = (
				55102E972EC590D000FE9FAB /* Sources */,
				55102E982EC590D000FE9FAB /* Frameworks */,
				55102E992EC590D000FE9FAB /* Resources */,
			);
			buildRules = (
			);
			dependencies = (
				55102E9D2EC590D000FE9FAB /* PBXTargetDependency */,
			);
			fileSystemSynchronizedGroups = (
				55102E9E2EC590D000FE9FAB /* handymanTests */,
			);
			name = handymanTests;
			packageProductDependencies = (
			);
			productName = handymanTests;
			productReference = 55102E9B2EC590D000FE9FAB /* handymanTests.xctest */;
			productType = "com.apple.product-type.bundle.unit-test";
		};
		55102EA42EC590D000FE9FAB /* handymanUITests */ = {
			isa = PBXNativeTarget;
			buildConfigurationList = 55102EB52EC590D000FE9FAB /* Build configuration list for PBXNativeTarget "handymanUITests" */;
			buildPhases = (
				55102EA12EC590D000FE9FAB /* Sources */,
				55102EA22EC590D000FE9FAB /* Frameworks */,
				55102EA32EC590D000FE9FAB /* Resources */,
			);
			buildRules = (
			);
			dependencies = (
				55102EA72EC590D000FE9FAB /* PBXTargetDependency */,
			);
			fileSystemSynchronizedGroups = (
				55102EA82EC590D000FE9FAB /* handymanUITests */,
			);
			name = handymanUITests;
			packageProductDependencies = (
			);
			productName = handymanUITests;
			productReference = 55102EA52EC590D000FE9FAB /* handymanUITests.xctest */;
			productType = "com.apple.product-type.bundle.ui-testing";
		};
/* End PBXNativeTarget section */

/* Begin PBXProject section */
		55102E842EC590CE00FE9FAB /* Project object */ = {
			isa = PBXProject;
			attributes = {
				BuildIndependentTargetsInParallel = 1;
				LastSwiftUpdateCheck = 2610;
				LastUpgradeCheck = 2610;
				TargetAttributes = {
					55102E8B2EC590CE00FE9FAB = {
						CreatedOnToolsVersion = 26.1.1;
					};
					55102E9A2EC590D000FE9FAB = {
						CreatedOnToolsVersion = 26.1.1;
						TestTargetID = 55102E8B2EC590CE00FE9FAB;
					};
					55102EA42EC590D000FE9FAB = {
						CreatedOnToolsVersion = 26.1.1;
						TestTargetID = 55102E8B2EC590CE00FE9FAB;
					};
				};
			};
			buildConfigurationList = 55102E872EC590CE00FE9FAB /* Build configuration list for PBXProject "handyman" */;
			developmentRegion = en;
			hasScannedForEncodings = 0;
			knownRegions = (
				en,
				Base,
				"zh-HK",
			);
			mainGroup = 55102E832EC590CE00FE9FAB;
			minimizedProjectReferenceProxies = 1;
			packageReferences = (
				55102EE32EC5A6F900FE9FAB /* XCRemoteSwiftPackageReference "firebase-ios-sdk" */,
				555E25852EC6CB3800F3618D /* XCRemoteSwiftPackageReference "GoogleSignIn-iOS" */,
				55348D1F2EC982B70079A80B /* XCRemoteSwiftPackageReference "facebook-ios-sdk" */,
			);
			preferredProjectObjectVersion = 77;
			productRefGroup = 55102E8D2EC590CE00FE9FAB /* Products */;
			projectDirPath = "";
			projectRoot = "";
			targets = (
				55102E8B2EC590CE00FE9FAB /* handyman */,
				55102E9A2EC590D000FE9FAB /* handymanTests */,
				55102EA42EC590D000FE9FAB /* handymanUITests */,
			);
		};
/* End PBXProject section */

/* Begin PBXResourcesBuildPhase section */
		55102E8A2EC590CE00FE9FAB /* Resources */ = {
			isa = PBXResourcesBuildPhase;
			buildActionMask = 2147483647;
			files = (
				55102EE22EC5A62800FE9FAB /* GoogleService-Info.plist in Resources */,
			);
			runOnlyForDeploymentPostprocessing = 0;
		};
		55102E992EC590D000FE9FAB /* Resources */ = {
			isa = PBXResourcesBuildPhase;
			buildActionMask = 2147483647;
			files = (
			);
			runOnlyForDeploymentPostprocessing = 0;
		};
		55102EA32EC590D000FE9FAB /* Resources */ = {
			isa = PBXResourcesBuildPhase;
			buildActionMask = 2147483647;
			files = (
			);
			runOnlyForDeploymentPostprocessing = 0;
		};
/* End PBXResourcesBuildPhase section */

/* Begin PBXSourcesBuildPhase section */
		55102E882EC590CE00FE9FAB /* Sources */ = {
			isa = PBXSourcesBuildPhase;
			buildActionMask = 2147483647;
			files = (
			);
			runOnlyForDeploymentPostprocessing = 0;
		};
		55102E972EC590D000FE9FAB /* Sources */ = {
			isa = PBXSourcesBuildPhase;
			buildActionMask = 2147483647;
			files = (
			);
			runOnlyForDeploymentPostprocessing = 0;
		};
		55102EA12EC590D000FE9FAB /* Sources */ = {
			isa = PBXSourcesBuildPhase;
			buildActionMask = 2147483647;
			files = (
			);
			runOnlyForDeploymentPostprocessing = 0;
		};
/* End PBXSourcesBuildPhase section */

/* Begin PBXTargetDependency section */
		55102E9D2EC590D000FE9FAB /* PBXTargetDependency */ = {
			isa = PBXTargetDependency;
			target = 55102E8B2EC590CE00FE9FAB /* handyman */;
			targetProxy = 55102E9C2EC590D000FE9FAB /* PBXContainerItemProxy */;
		};
		55102EA72EC590D000FE9FAB /* PBXTargetDependency */ = {
			isa = PBXTargetDependency;
			target = 55102E8B2EC590CE00FE9FAB /* handyman */;
			targetProxy = 55102EA62EC590D000FE9FAB /* PBXContainerItemProxy */;
		};
/* End PBXTargetDependency section */

/* Begin XCBuildConfiguration section */
		55102EAD2EC590D000FE9FAB /* Debug */ = {
			isa = XCBuildConfiguration;
			buildSettings = {
				ALWAYS_SEARCH_USER_PATHS = NO;
				ASSETCATALOG_COMPILER_GENERATE_SWIFT_ASSET_SYMBOL_EXTENSIONS = YES;
				CLANG_ANALYZER_NONNULL = YES;
				CLANG_ANALYZER_NUMBER_OBJECT_CONVERSION = YES_AGGRESSIVE;
				CLANG_CXX_LANGUAGE_STANDARD = "gnu++20";
				CLANG_ENABLE_MODULES = YES;
				CLANG_ENABLE_OBJC_ARC = YES;
				CLANG_ENABLE_OBJC_WEAK = YES;
				CLANG_WARN_BLOCK_CAPTURE_AUTORELEASING = YES;
				CLANG_WARN_BOOL_CONVERSION = YES;
				CLANG_WARN_COMMA = YES;
				CLANG_WARN_CONSTANT_CONVERSION = YES;
				CLANG_WARN_DEPRECATED_OBJC_IMPLEMENTATIONS = YES;
				CLANG_WARN_DIRECT_OBJC_ISA_USAGE = YES_ERROR;
				CLANG_WARN_DOCUMENTATION_COMMENTS = YES;
				CLANG_WARN_EMPTY_BODY = YES;
				CLANG_WARN_ENUM_CONVERSION = YES;
				CLANG_WARN_INFINITE_RECURSION = YES;
				CLANG_WARN_INT_CONVERSION = YES;
				CLANG_WARN_NON_LITERAL_NULL_CONVERSION = YES;
				CLANG_WARN_OBJC_IMPLICIT_RETAIN_SELF = YES;
				CLANG_WARN_OBJC_LITERAL_CONVERSION = YES;
				CLANG_WARN_OBJC_ROOT_CLASS = YES_ERROR;
				CLANG_WARN_QUOTED_INCLUDE_IN_FRAMEWORK_HEADER = YES;
				CLANG_WARN_RANGE_LOOP_ANALYSIS = YES;
				CLANG_WARN_STRICT_PROTOTYPES = YES;
				CLANG_WARN_SUSPICIOUS_MOVE = YES;
				CLANG_WARN_UNGUARDED_AVAILABILITY = YES_AGGRESSIVE;
				CLANG_WARN_UNREACHABLE_CODE = YES;
				CLANG_WARN__DUPLICATE_METHOD_MATCH = YES;
				COPY_PHASE_STRIP = NO;
				DEBUG_INFORMATION_FORMAT = dwarf;
				DEVELOPMENT_TEAM = W66KJKQQEK;
				ENABLE_STRICT_OBJC_MSGSEND = YES;
				ENABLE_TESTABILITY = YES;
				ENABLE_USER_SCRIPT_SANDBOXING = YES;
				GCC_C_LANGUAGE_STANDARD = gnu17;
				GCC_DYNAMIC_NO_PIC = NO;
				GCC_NO_COMMON_BLOCKS = YES;
				GCC_OPTIMIZATION_LEVEL = 0;
				GCC_PREPROCESSOR_DEFINITIONS = (
					"DEBUG=1",
					"$(inherited)",
				);
				GCC_WARN_64_TO_32_BIT_CONVERSION = YES;
				GCC_WARN_ABOUT_RETURN_TYPE = YES_ERROR;
				GCC_WARN_UNDECLARED_SELECTOR = YES;
				GCC_WARN_UNINITIALIZED_AUTOS = YES_AGGRESSIVE;
				GCC_WARN_UNUSED_FUNCTION = YES;
				GCC_WARN_UNUSED_VARIABLE = YES;
				LOCALIZATION_PREFERS_STRING_CATALOGS = YES;
				MTL_ENABLE_DEBUG_INFO = INCLUDE_SOURCE;
				MTL_FAST_MATH = YES;
				ONLY_ACTIVE_ARCH = YES;
				SWIFT_ACTIVE_COMPILATION_CONDITIONS = "DEBUG $(inherited)";
				SWIFT_OPTIMIZATION_LEVEL = "-Onone";
			};
			name = Debug;
		};
		55102EAE2EC590D000FE9FAB /* Release */ = {
			isa = XCBuildConfiguration;
			buildSettings = {
				ALWAYS_SEARCH_USER_PATHS = NO;
				ASSETCATALOG_COMPILER_GENERATE_SWIFT_ASSET_SYMBOL_EXTENSIONS = YES;
				CLANG_ANALYZER_NONNULL = YES;
				CLANG_ANALYZER_NUMBER_OBJECT_CONVERSION = YES_AGGRESSIVE;
				CLANG_CXX_LANGUAGE_STANDARD = "gnu++20";
				CLANG_ENABLE_MODULES = YES;
				CLANG_ENABLE_OBJC_ARC = YES;
				CLANG_ENABLE_OBJC_WEAK = YES;
				CLANG_WARN_BLOCK_CAPTURE_AUTORELEASING = YES;
				CLANG_WARN_BOOL_CONVERSION = YES;
				CLANG_WARN_COMMA = YES;
				CLANG_WARN_CONSTANT_CONVERSION = YES;
				CLANG_WARN_DEPRECATED_OBJC_IMPLEMENTATIONS = YES;
				CLANG_WARN_DIRECT_OBJC_ISA_USAGE = YES_ERROR;
				CLANG_WARN_DOCUMENTATION_COMMENTS = YES;
				CLANG_WARN_EMPTY_BODY = YES;
				CLANG_WARN_ENUM_CONVERSION = YES;
				CLANG_WARN_INFINITE_RECURSION = YES;
				CLANG_WARN_INT_CONVERSION = YES;
				CLANG_WARN_NON_LITERAL_NULL_CONVERSION = YES;
				CLANG_WARN_OBJC_IMPLICIT_RETAIN_SELF = YES;
				CLANG_WARN_OBJC_LITERAL_CONVERSION = YES;
				CLANG_WARN_OBJC_ROOT_CLASS = YES_ERROR;
				CLANG_WARN_QUOTED_INCLUDE_IN_FRAMEWORK_HEADER = YES;
				CLANG_WARN_RANGE_LOOP_ANALYSIS = YES;
				CLANG_WARN_STRICT_PROTOTYPES = YES;
				CLANG_WARN_SUSPICIOUS_MOVE = YES;
				CLANG_WARN_UNGUARDED_AVAILABILITY = YES_AGGRESSIVE;
				CLANG_WARN_UNREACHABLE_CODE = YES;
				CLANG_WARN__DUPLICATE_METHOD_MATCH = YES;
				COPY_PHASE_STRIP = NO;
				DEBUG_INFORMATION_FORMAT = "dwarf-with-dsym";
				DEVELOPMENT_TEAM = W66KJKQQEK;
				ENABLE_NS_ASSERTIONS = NO;
				ENABLE_STRICT_OBJC_MSGSEND = YES;
				ENABLE_USER_SCRIPT_SANDBOXING = YES;
				GCC_C_LANGUAGE_STANDARD = gnu17;
				GCC_NO_COMMON_BLOCKS = YES;
				GCC_WARN_64_TO_32_BIT_CONVERSION = YES;
				GCC_WARN_ABOUT_RETURN_TYPE = YES_ERROR;
				GCC_WARN_UNDECLARED_SELECTOR = YES;
				GCC_WARN_UNINITIALIZED_AUTOS = YES_AGGRESSIVE;
				GCC_WARN_UNUSED_FUNCTION = YES;
				GCC_WARN_UNUSED_VARIABLE = YES;
				LOCALIZATION_PREFERS_STRING_CATALOGS = YES;
				MTL_ENABLE_DEBUG_INFO = NO;
				MTL_FAST_MATH = YES;
				SWIFT_COMPILATION_MODE = wholemodule;
			};
			name = Release;
		};
		55102EB02EC590D000FE9FAB /* Debug */ = {
			isa = XCBuildConfiguration;
			buildSettings = {
				ASSETCATALOG_COMPILER_APPICON_NAME = AppIcon;
				ASSETCATALOG_COMPILER_GLOBAL_ACCENT_COLOR_NAME = AccentColor;
				CODE_SIGN_ENTITLEMENTS = handyman/handyman.entitlements;
				CODE_SIGN_STYLE = Automatic;
				CURRENT_PROJECT_VERSION = 1;
				DEVELOPMENT_TEAM = W66KJKQQEK;
				ENABLE_APP_SANDBOX = YES;
				ENABLE_HARDENED_RUNTIME = YES;
				ENABLE_PREVIEWS = YES;
				ENABLE_USER_SELECTED_FILES = readonly;
				GENERATE_INFOPLIST_FILE = YES;
				INFOPLIST_FILE = handyman/Info.plist;
				INFOPLIST_KEY_NSCameraUsageDescription = "\"Handyman\" would like to access the camera";
				INFOPLIST_KEY_NSPhotoLibraryUsageDescription = "\"Handyman\" would like to access your photos";
				"INFOPLIST_KEY_UIApplicationSceneManifest_Generation[sdk=iphoneos*]" = YES;
				"INFOPLIST_KEY_UIApplicationSceneManifest_Generation[sdk=iphonesimulator*]" = YES;
				"INFOPLIST_KEY_UIApplicationSupportsIndirectInputEvents[sdk=iphoneos*]" = YES;
				"INFOPLIST_KEY_UIApplicationSupportsIndirectInputEvents[sdk=iphonesimulator*]" = YES;
				"INFOPLIST_KEY_UILaunchScreen_Generation[sdk=iphoneos*]" = YES;
				"INFOPLIST_KEY_UILaunchScreen_Generation[sdk=iphonesimulator*]" = YES;
				"INFOPLIST_KEY_UIStatusBarStyle[sdk=iphoneos*]" = UIStatusBarStyleDefault;
				"INFOPLIST_KEY_UIStatusBarStyle[sdk=iphonesimulator*]" = UIStatusBarStyleDefault;
				INFOPLIST_KEY_UISupportedInterfaceOrientations_iPad = "UIInterfaceOrientationPortrait UIInterfaceOrientationPortraitUpsideDown UIInterfaceOrientationLandscapeLeft UIInterfaceOrientationLandscapeRight";
				INFOPLIST_KEY_UISupportedInterfaceOrientations_iPhone = "UIInterfaceOrientationPortrait UIInterfaceOrientationLandscapeLeft UIInterfaceOrientationLandscapeRight";
				IPHONEOS_DEPLOYMENT_TARGET = 26.1;
				LD_RUNPATH_SEARCH_PATHS = "@executable_path/Frameworks";
				"LD_RUNPATH_SEARCH_PATHS[sdk=macosx*]" = "@executable_path/../Frameworks";
				MACOSX_DEPLOYMENT_TARGET = 26.1;
				MARKETING_VERSION = 1.0;
				OTHER_LDFLAGS = "-ObjC";
				PRODUCT_BUNDLE_IDENTIFIER = com.lit.wa.yuen.handyman;
				PRODUCT_NAME = "$(TARGET_NAME)";
				REGISTER_APP_GROUPS = YES;
				SDKROOT = auto;
				STRING_CATALOG_GENERATE_SYMBOLS = YES;
				SUPPORTED_PLATFORMS = "iphoneos iphonesimulator macosx xros xrsimulator";
				SWIFT_APPROACHABLE_CONCURRENCY = YES;
				SWIFT_DEFAULT_ACTOR_ISOLATION = MainActor;
				SWIFT_EMIT_LOC_STRINGS = YES;
				SWIFT_UPCOMING_FEATURE_MEMBER_IMPORT_VISIBILITY = YES;
				SWIFT_VERSION = 5.0;
				TARGETED_DEVICE_FAMILY = "1,2,7";
				XROS_DEPLOYMENT_TARGET = 26.1;
			};
			name = Debug;
		};
		55102EB12EC590D000FE9FAB /* Release */ = {
			isa = XCBuildConfiguration;
			buildSettings = {
				ASSETCATALOG_COMPILER_APPICON_NAME = AppIcon;
				ASSETCATALOG_COMPILER_GLOBAL_ACCENT_COLOR_NAME = AccentColor;
				CODE_SIGN_ENTITLEMENTS = handyman/handyman.entitlements;
				CODE_SIGN_STYLE = Automatic;
				CURRENT_PROJECT_VERSION = 1;
				DEVELOPMENT_TEAM = W66KJKQQEK;
				ENABLE_APP_SANDBOX = YES;
				ENABLE_HARDENED_RUNTIME = YES;
				ENABLE_PREVIEWS = YES;
				ENABLE_USER_SELECTED_FILES = readonly;
				GENERATE_INFOPLIST_FILE = YES;
				INFOPLIST_FILE = handyman/Info.plist;
				INFOPLIST_KEY_NSCameraUsageDescription = "\"Handyman\" would like to access the camera";
				INFOPLIST_KEY_NSPhotoLibraryUsageDescription = "\"Handyman\" would like to access your photos";
				"INFOPLIST_KEY_UIApplicationSceneManifest_Generation[sdk=iphoneos*]" = YES;
				"INFOPLIST_KEY_UIApplicationSceneManifest_Generation[sdk=iphonesimulator*]" = YES;
				"INFOPLIST_KEY_UIApplicationSupportsIndirectInputEvents[sdk=iphoneos*]" = YES;
				"INFOPLIST_KEY_UIApplicationSupportsIndirectInputEvents[sdk=iphonesimulator*]" = YES;
				"INFOPLIST_KEY_UILaunchScreen_Generation[sdk=iphoneos*]" = YES;
				"INFOPLIST_KEY_UILaunchScreen_Generation[sdk=iphonesimulator*]" = YES;
				"INFOPLIST_KEY_UIStatusBarStyle[sdk=iphoneos*]" = UIStatusBarStyleDefault;
				"INFOPLIST_KEY_UIStatusBarStyle[sdk=iphonesimulator*]" = UIStatusBarStyleDefault;
				INFOPLIST_KEY_UISupportedInterfaceOrientations_iPad = "UIInterfaceOrientationPortrait UIInterfaceOrientationPortraitUpsideDown UIInterfaceOrientationLandscapeLeft UIInterfaceOrientationLandscapeRight";
				INFOPLIST_KEY_UISupportedInterfaceOrientations_iPhone = "UIInterfaceOrientationPortrait UIInterfaceOrientationLandscapeLeft UIInterfaceOrientationLandscapeRight";
				IPHONEOS_DEPLOYMENT_TARGET = 26.1;
				LD_RUNPATH_SEARCH_PATHS = "@executable_path/Frameworks";
				"LD_RUNPATH_SEARCH_PATHS[sdk=macosx*]" = "@executable_path/../Frameworks";
				MACOSX_DEPLOYMENT_TARGET = 26.1;
				MARKETING_VERSION = 1.0;
				OTHER_LDFLAGS = "-ObjC";
				PRODUCT_BUNDLE_IDENTIFIER = com.lit.wa.yuen.handyman;
				PRODUCT_NAME = "$(TARGET_NAME)";
				REGISTER_APP_GROUPS = YES;
				SDKROOT = auto;
				STRING_CATALOG_GENERATE_SYMBOLS = YES;
				SUPPORTED_PLATFORMS = "iphoneos iphonesimulator macosx xros xrsimulator";
				SWIFT_APPROACHABLE_CONCURRENCY = YES;
				SWIFT_DEFAULT_ACTOR_ISOLATION = MainActor;
				SWIFT_EMIT_LOC_STRINGS = YES;
				SWIFT_UPCOMING_FEATURE_MEMBER_IMPORT_VISIBILITY = YES;
				SWIFT_VERSION = 5.0;
				TARGETED_DEVICE_FAMILY = "1,2,7";
				XROS_DEPLOYMENT_TARGET = 26.1;
			};
			name = Release;
		};
		55102EB32EC590D000FE9FAB /* Debug */ = {
			isa = XCBuildConfiguration;
			buildSettings = {
				BUNDLE_LOADER = "$(TEST_HOST)";
				CODE_SIGN_STYLE = Automatic;
				CURRENT_PROJECT_VERSION = 1;
				DEVELOPMENT_TEAM = W66KJKQQEK;
				GENERATE_INFOPLIST_FILE = YES;
				IPHONEOS_DEPLOYMENT_TARGET = 26.1;
				MACOSX_DEPLOYMENT_TARGET = 26.1;
				MARKETING_VERSION = 1.0;
				PRODUCT_BUNDLE_IDENTIFIER = com.lit.wa.yuen.handymanTests;
				PRODUCT_NAME = "$(TARGET_NAME)";
				SDKROOT = auto;
				STRING_CATALOG_GENERATE_SYMBOLS = NO;
				SUPPORTED_PLATFORMS = "iphoneos iphonesimulator macosx xros xrsimulator";
				SWIFT_APPROACHABLE_CONCURRENCY = YES;
				SWIFT_EMIT_LOC_STRINGS = NO;
				SWIFT_UPCOMING_FEATURE_MEMBER_IMPORT_VISIBILITY = YES;
				SWIFT_VERSION = 5.0;
				TARGETED_DEVICE_FAMILY = "1,2,7";
				TEST_HOST = "$(BUILT_PRODUCTS_DIR)/handyman.app/$(BUNDLE_EXECUTABLE_FOLDER_PATH)/handyman";
				XROS_DEPLOYMENT_TARGET = 26.1;
			};
			name = Debug;
		};
		55102EB42EC590D000FE9FAB /* Release */ = {
			isa = XCBuildConfiguration;
			buildSettings = {
				BUNDLE_LOADER = "$(TEST_HOST)";
				CODE_SIGN_STYLE = Automatic;
				CURRENT_PROJECT_VERSION = 1;
				DEVELOPMENT_TEAM = W66KJKQQEK;
				GENERATE_INFOPLIST_FILE = YES;
				IPHONEOS_DEPLOYMENT_TARGET = 26.1;
				MACOSX_DEPLOYMENT_TARGET = 26.1;
				MARKETING_VERSION = 1.0;
				PRODUCT_BUNDLE_IDENTIFIER = com.lit.wa.yuen.handymanTests;
				PRODUCT_NAME = "$(TARGET_NAME)";
				SDKROOT = auto;
				STRING_CATALOG_GENERATE_SYMBOLS = NO;
				SUPPORTED_PLATFORMS = "iphoneos iphonesimulator macosx xros xrsimulator";
				SWIFT_APPROACHABLE_CONCURRENCY = YES;
				SWIFT_EMIT_LOC_STRINGS = NO;
				SWIFT_UPCOMING_FEATURE_MEMBER_IMPORT_VISIBILITY = YES;
				SWIFT_VERSION = 5.0;
				TARGETED_DEVICE_FAMILY = "1,2,7";
				TEST_HOST = "$(BUILT_PRODUCTS_DIR)/handyman.app/$(BUNDLE_EXECUTABLE_FOLDER_PATH)/handyman";
				XROS_DEPLOYMENT_TARGET = 26.1;
			};
			name = Release;
		};
		55102EB62EC590D000FE9FAB /* Debug */ = {
			isa = XCBuildConfiguration;
			buildSettings = {
				CODE_SIGN_STYLE = Automatic;
				CURRENT_PROJECT_VERSION = 1;
				DEVELOPMENT_TEAM = W66KJKQQEK;
				GENERATE_INFOPLIST_FILE = YES;
				IPHONEOS_DEPLOYMENT_TARGET = 26.1;
				MACOSX_DEPLOYMENT_TARGET = 26.1;
				MARKETING_VERSION = 1.0;
				PRODUCT_BUNDLE_IDENTIFIER = com.lit.wa.yuen.handymanUITests;
				PRODUCT_NAME = "$(TARGET_NAME)";
				SDKROOT = auto;
				STRING_CATALOG_GENERATE_SYMBOLS = NO;
				SUPPORTED_PLATFORMS = "iphoneos iphonesimulator macosx xros xrsimulator";
				SWIFT_APPROACHABLE_CONCURRENCY = YES;
				SWIFT_EMIT_LOC_STRINGS = NO;
				SWIFT_UPCOMING_FEATURE_MEMBER_IMPORT_VISIBILITY = YES;
				SWIFT_VERSION = 5.0;
				TARGETED_DEVICE_FAMILY = "1,2,7";
				TEST_TARGET_NAME = handyman;
				XROS_DEPLOYMENT_TARGET = 26.1;
			};
			name = Debug;
		};
		55102EB72EC590D000FE9FAB /* Release */ = {
			isa = XCBuildConfiguration;
			buildSettings = {
				CODE_SIGN_STYLE = Automatic;
				CURRENT_PROJECT_VERSION = 1;
				DEVELOPMENT_TEAM = W66KJKQQEK;
				GENERATE_INFOPLIST_FILE = YES;
				IPHONEOS_DEPLOYMENT_TARGET = 26.1;
				MACOSX_DEPLOYMENT_TARGET = 26.1;
				MARKETING_VERSION = 1.0;
				PRODUCT_BUNDLE_IDENTIFIER = com.lit.wa.yuen.handymanUITests;
				PRODUCT_NAME = "$(TARGET_NAME)";
				SDKROOT = auto;
				STRING_CATALOG_GENERATE_SYMBOLS = NO;
				SUPPORTED_PLATFORMS = "iphoneos iphonesimulator macosx xros xrsimulator";
				SWIFT_APPROACHABLE_CONCURRENCY = YES;
				SWIFT_EMIT_LOC_STRINGS = NO;
				SWIFT_UPCOMING_FEATURE_MEMBER_IMPORT_VISIBILITY = YES;
				SWIFT_VERSION = 5.0;
				TARGETED_DEVICE_FAMILY = "1,2,7";
				TEST_TARGET_NAME = handyman;
				XROS_DEPLOYMENT_TARGET = 26.1;
			};
			name = Release;
		};
/* End XCBuildConfiguration section */

/* Begin XCConfigurationList section */
		55102E872EC590CE00FE9FAB /* Build configuration list for PBXProject "handyman" */ = {
			isa = XCConfigurationList;
			buildConfigurations = (
				55102EAD2EC590D000FE9FAB /* Debug */,
				55102EAE2EC590D000FE9FAB /* Release */,
			);
			defaultConfigurationIsVisible = 0;
			defaultConfigurationName = Release;
		};
		55102EAF2EC590D000FE9FAB /* Build configuration list for PBXNativeTarget "handyman" */ = {
			isa = XCConfigurationList;
			buildConfigurations = (
				55102EB02EC590D000FE9FAB /* Debug */,
				55102EB12EC590D000FE9FAB /* Release */,
			);
			defaultConfigurationIsVisible = 0;
			defaultConfigurationName = Release;
		};
		55102EB22EC590D000FE9FAB /* Build configuration list for PBXNativeTarget "handymanTests" */ = {
			isa = XCConfigurationList;
			buildConfigurations = (
				55102EB32EC590D000FE9FAB /* Debug */,
				55102EB42EC590D000FE9FAB /* Release */,
			);
			defaultConfigurationIsVisible = 0;
			defaultConfigurationName = Release;
		};
		55102EB52EC590D000FE9FAB /* Build configuration list for PBXNativeTarget "handymanUITests" */ = {
			isa = XCConfigurationList;
			buildConfigurations = (
				55102EB62EC590D000FE9FAB /* Debug */,
				55102EB72EC590D000FE9FAB /* Release */,
			);
			defaultConfigurationIsVisible = 0;
			defaultConfigurationName = Release;
		};
/* End XCConfigurationList section */

/* Begin XCRemoteSwiftPackageReference section */
		55102EE32EC5A6F900FE9FAB /* XCRemoteSwiftPackageReference "firebase-ios-sdk" */ = {
			isa = XCRemoteSwiftPackageReference;
			repositoryURL = "https://github.com/firebase/firebase-ios-sdk";
			requirement = {
				kind = upToNextMajorVersion;
				minimumVersion = 12.5.0;
			};
		};
		55348D1F2EC982B70079A80B /* XCRemoteSwiftPackageReference "facebook-ios-sdk" */ = {
			isa = XCRemoteSwiftPackageReference;
			repositoryURL = "https://github.com/facebook/facebook-ios-sdk?fbclid=IwZXh0bgNhZW0CMTEAYnJpZBExVVBBY3MwSElUNncwUnF3VXNydGMGYXBwX2lkATAIY2FsbHNpdGUCMTgAAR4id8VjhxNVEqn7nX4Rc7DUHFAN-uveoGSMW9DEaDx0MITl3QMqETnu47v5IQ_aem_nT6qlb_-3D0p_O6EjUtUuQ";
			requirement = {
				kind = upToNextMajorVersion;
				minimumVersion = 14.1.0;
			};
		};
		555E25852EC6CB3800F3618D /* XCRemoteSwiftPackageReference "GoogleSignIn-iOS" */ = {
			isa = XCRemoteSwiftPackageReference;
			repositoryURL = "https://github.com/google/GoogleSignIn-iOS";
			requirement = {
				kind = upToNextMajorVersion;
				minimumVersion = 9.0.0;
			};
		};
/* End XCRemoteSwiftPackageReference section */

/* Begin XCSwiftPackageProductDependency section */
		55102EE42EC5A6F900FE9FAB /* FirebaseAnalytics */ = {
			isa = XCSwiftPackageProductDependency;
			package = 55102EE32EC5A6F900FE9FAB /* XCRemoteSwiftPackageReference "firebase-ios-sdk" */;
			productName = FirebaseAnalytics;
		};
		55102EE62EC5A6F900FE9FAB /* FirebaseAuth */ = {
			isa = XCSwiftPackageProductDependency;
			package = 55102EE32EC5A6F900FE9FAB /* XCRemoteSwiftPackageReference "firebase-ios-sdk" */;
			productName = FirebaseAuth;
		};
		55102EE82EC5A6F900FE9FAB /* FirebaseFirestore */ = {
			isa = XCSwiftPackageProductDependency;
			package = 55102EE32EC5A6F900FE9FAB /* XCRemoteSwiftPackageReference "firebase-ios-sdk" */;
			productName = FirebaseFirestore;
		};
		55348D202EC982B70079A80B /* FacebookCore */ = {
			isa = XCSwiftPackageProductDependency;
			package = 55348D1F2EC982B70079A80B /* XCRemoteSwiftPackageReference "facebook-ios-sdk" */;
			productName = FacebookCore;
		};
		55348D222EC982B70079A80B /* FacebookLogin */ = {
			isa = XCSwiftPackageProductDependency;
			package = 55348D1F2EC982B70079A80B /* XCRemoteSwiftPackageReference "facebook-ios-sdk" */;
			productName = FacebookLogin;
		};
		555E25862EC6CB3800F3618D /* GoogleSignInSwift */ = {
			isa = XCSwiftPackageProductDependency;
			package = 555E25852EC6CB3800F3618D /* XCRemoteSwiftPackageReference "GoogleSignIn-iOS" */;
			productName = GoogleSignInSwift;
		};
		555E258E2EC6D5F000F3618D /* GoogleSignIn */ = {
			isa = XCSwiftPackageProductDependency;
			package = 555E25852EC6CB3800F3618D /* XCRemoteSwiftPackageReference "GoogleSignIn-iOS" */;
			productName = GoogleSignIn;
		};
		555FC00C2EC80E300059649C /* FirebaseStorage */ = {
			isa = XCSwiftPackageProductDependency;
			package = 55102EE32EC5A6F900FE9FAB /* XCRemoteSwiftPackageReference "firebase-ios-sdk" */;
			productName = FirebaseStorage;
		};
/* End XCSwiftPackageProductDependency section */
	};
	rootObject = 55102E842EC590CE00FE9FAB /* Project object */;
}
